// !$*UTF8*$!
{
	archiveVersion = 1;
	classes = {
	};
	objectVersion = 50;
	objects = {

/* Begin PBXBuildFile section */
		174CE359210EA52C008D7591 /* AppDelegate.swift in Sources */ = {isa = PBXBuildFile; fileRef = 174CE358210EA52C008D7591 /* AppDelegate.swift */; };
		174CE35B210EA52C008D7591 /* ViewController.swift in Sources */ = {isa = PBXBuildFile; fileRef = 174CE35A210EA52C008D7591 /* ViewController.swift */; };
		174CE35E210EA52C008D7591 /* Main.storyboard in Resources */ = {isa = PBXBuildFile; fileRef = 174CE35C210EA52C008D7591 /* Main.storyboard */; };
		174CE360210EA52D008D7591 /* Assets.xcassets in Resources */ = {isa = PBXBuildFile; fileRef = 174CE35F210EA52D008D7591 /* Assets.xcassets */; };
		174CE363210EA52D008D7591 /* LaunchScreen.storyboard in Resources */ = {isa = PBXBuildFile; fileRef = 174CE361210EA52D008D7591 /* LaunchScreen.storyboard */; };
		174CE36E210EA52D008D7591 /* ClickCounterTests.swift in Sources */ = {isa = PBXBuildFile; fileRef = 174CE36D210EA52D008D7591 /* ClickCounterTests.swift */; };
/* End PBXBuildFile section */

/* Begin PBXContainerItemProxy section */
		174CE36A210EA52D008D7591 /* PBXContainerItemProxy */ = {
			isa = PBXContainerItemProxy;
			containerPortal = 174CE34D210EA52C008D7591 /* Project object */;
			proxyType = 1;
			remoteGlobalIDString = 174CE354210EA52C008D7591;
			remoteInfo = ClickCounter;
		};
/* End PBXContainerItemProxy section */

/* Begin PBXFileReference section */
		174CE355210EA52C008D7591 /* ClickCounter.app */ = {isa = PBXFileReference; explicitFileType = wrapper.application; includeInIndex = 0; path = ClickCounter.app; sourceTree = BUILT_PRODUCTS_DIR; };
		174CE358210EA52C008D7591 /* AppDelegate.swift */ = {isa = PBXFileReference; lastKnownFileType = sourcecode.swift; path = AppDelegate.swift; sourceTree = "<group>"; };
		174CE35A210EA52C008D7591 /* ViewController.swift */ = {isa = PBXFileReference; lastKnownFileType = sourcecode.swift; path = ViewController.swift; sourceTree = "<group>"; };
		174CE35D210EA52C008D7591 /* Base */ = {isa = PBXFileReference; lastKnownFileType = file.storyboard; name = Base; path = Base.lproj/Main.storyboard; sourceTree = "<group>"; };
		174CE35F210EA52D008D7591 /* Assets.xcassets */ = {isa = PBXFileReference; lastKnownFileType = folder.assetcatalog; path = Assets.xcassets; sourceTree = "<group>"; };
		174CE362210EA52D008D7591 /* Base */ = {isa = PBXFileReference; lastKnownFileType = file.storyboard; name = Base; path = Base.lproj/LaunchScreen.storyboard; sourceTree = "<group>"; };
		174CE364210EA52D008D7591 /* Info.plist */ = {isa = PBXFileReference; lastKnownFileType = text.plist.xml; path = Info.plist; sourceTree = "<group>"; };
		174CE369210EA52D008D7591 /* ClickCounterTests.xctest */ = {isa = PBXFileReference; explicitFileType = wrapper.cfbundle; includeInIndex = 0; path = ClickCounterTests.xctest; sourceTree = BUILT_PRODUCTS_DIR; };
		174CE36D210EA52D008D7591 /* ClickCounterTests.swift */ = {isa = PBXFileReference; lastKnownFileType = sourcecode.swift; path = ClickCounterTests.swift; sourceTree = "<group>"; };
		174CE36F210EA52D008D7591 /* Info.plist */ = {isa = PBXFileReference; lastKnownFileType = text.plist.xml; path = Info.plist; sourceTree = "<group>"; };
/* End PBXFileReference section */

/* Begin PBXFrameworksBuildPhase section */
		174CE352210EA52C008D7591 /* Frameworks */ = {
			isa = PBXFrameworksBuildPhase;
			buildActionMask = 2147483647;
			files = (
			);
			runOnlyForDeploymentPostprocessing = 0;
		};
		174CE366210EA52D008D7591 /* Frameworks */ = {
			isa = PBXFrameworksBuildPhase;
			buildActionMask = 2147483647;
			files = (
			);
			runOnlyForDeploymentPostprocessing = 0;
		};
/* End PBXFrameworksBuildPhase section */

/* Begin PBXGroup section */
		174CE34C210EA52C008D7591 = {
			isa = PBXGroup;
			children = (
				174CE357210EA52C008D7591 /* ClickCounter */,
				174CE36C210EA52D008D7591 /* ClickCounterTests */,
				174CE356210EA52C008D7591 /* Products */,
			);
			sourceTree = "<group>";
		};
		174CE356210EA52C008D7591 /* Products */ = {
			isa = PBXGroup;
			children = (
				174CE355210EA52C008D7591 /* ClickCounter.app */,
				174CE369210EA52D008D7591 /* ClickCounterTests.xctest */,
			);
			name = Products;
			sourceTree = "<group>";
		};
		174CE357210EA52C008D7591 /* ClickCounter */ = {
			isa = PBXGroup;
			children = (
				174CE358210EA52C008D7591 /* AppDelegate.swift */,
				174CE35A210EA52C008D7591 /* ViewController.swift */,
				174CE35C210EA52C008D7591 /* Main.storyboard */,
				174CE35F210EA52D008D7591 /* Assets.xcassets */,
				174CE361210EA52D008D7591 /* LaunchScreen.storyboard */,
				174CE364210EA52D008D7591 /* Info.plist */,
			);
			path = ClickCounter;
			sourceTree = "<group>";
		};
		174CE36C210EA52D008D7591 /* ClickCounterTests */ = {
			isa = PBXGroup;
			children = (
				174CE36D210EA52D008D7591 /* ClickCounterTests.swift */,
				174CE36F210EA52D008D7591 /* Info.plist */,
			);
			path = ClickCounterTests;
			sourceTree = "<group>";
		};
/* End PBXGroup section */

/* Begin PBXNativeTarget section */
		174CE354210EA52C008D7591 /* ClickCounter */ = {
			isa = PBXNativeTarget;
			buildConfigurationList = 174CE372210EA52D008D7591 /* Build configuration list for PBXNativeTarget "ClickCounter" */;
			buildPhases = (
				174CE351210EA52C008D7591 /* Sources */,
				174CE352210EA52C008D7591 /* Frameworks */,
				174CE353210EA52C008D7591 /* Resources */,
			);
			buildRules = (
			);
			dependencies = (
			);
			name = ClickCounter;
			productName = ClickCounter;
			productReference = 174CE355210EA52C008D7591 /* ClickCounter.app */;
			productType = "com.apple.product-type.application";
		};
		174CE368210EA52D008D7591 /* ClickCounterTests */ = {
			isa = PBXNativeTarget;
			buildConfigurationList = 174CE375210EA52D008D7591 /* Build configuration list for PBXNativeTarget "ClickCounterTests" */;
			buildPhases = (
				174CE365210EA52D008D7591 /* Sources */,
				174CE366210EA52D008D7591 /* Frameworks */,
				174CE367210EA52D008D7591 /* Resources */,
			);
			buildRules = (
			);
			dependencies = (
				174CE36B210EA52D008D7591 /* PBXTargetDependency */,
			);
			name = ClickCounterTests;
			productName = ClickCounterTests;
			productReference = 174CE369210EA52D008D7591 /* ClickCounterTests.xctest */;
			productType = "com.apple.product-type.bundle.unit-test";
		};
/* End PBXNativeTarget section */

/* Begin PBXProject section */
		174CE34D210EA52C008D7591 /* Project object */ = {
			isa = PBXProject;
			attributes = {
				LastSwiftUpdateCheck = 0940;
				LastUpgradeCheck = 0940;
				ORGANIZATIONNAME = "Dukwon Nam";
				TargetAttributes = {
					174CE354210EA52C008D7591 = {
						CreatedOnToolsVersion = 9.4;
					};
					174CE368210EA52D008D7591 = {
						CreatedOnToolsVersion = 9.4;
						TestTargetID = 174CE354210EA52C008D7591;
					};
				};
			};
			buildConfigurationList = 174CE350210EA52C008D7591 /* Build configuration list for PBXProject "ClickCounter" */;
			compatibilityVersion = "Xcode 9.3";
			developmentRegion = en;
			hasScannedForEncodings = 0;
			knownRegions = (
				en,
				Base,
			);
			mainGroup = 174CE34C210EA52C008D7591;
			productRefGroup = 174CE356210EA52C008D7591 /* Products */;
			projectDirPath = "";
			projectRoot = "";
			targets = (
				174CE354210EA52C008D7591 /* ClickCounter */,
				174CE368210EA52D008D7591 /* ClickCounterTests */,
			);
		};
/* End PBXProject section */

/* Begin PBXResourcesBuildPhase section */
		174CE353210EA52C008D7591 /* Resources */ = {
			isa = PBXResourcesBuildPhase;
			buildActionMask = 2147483647;
			files = (
				174CE363210EA52D008D7591 /* LaunchScreen.storyboard in Resources */,
				174CE360210EA52D008D7591 /* Assets.xcassets in Resources */,
				174CE35E210EA52C008D7591 /* Main.storyboard in Resources */,
			);
			runOnlyForDeploymentPostprocessing = 0;
		};
		174CE367210EA52D008D7591 /* Resources */ = {
			isa = PBXResourcesBuildPhase;
			buildActionMask = 2147483647;
			files = (
			);
			runOnlyForDeploymentPostprocessing = 0;
		};
/* End PBXResourcesBuildPhase section */

/* Begin PBXSourcesBuildPhase section */
		174CE351210EA52C008D7591 /* Sources */ = {
			isa = PBXSourcesBuildPhase;
			buildActionMask = 2147483647;
			files = (
				174CE35B210EA52C008D7591 /* ViewController.swift in Sources */,
				174CE359210EA52C008D7591 /* AppDelegate.swift in Sources */,
			);
			runOnlyForDeploymentPostprocessing = 0;
		};
		174CE365210EA52D008D7591 /* Sources */ = {
			isa = PBXSourcesBuildPhase;
			buildActionMask = 2147483647;
			files = (
				174CE36E210EA52D008D7591 /* ClickCounterTests.swift in Sources */,
			);
			runOnlyForDeploymentPostprocessing = 0;
		};
/* End PBXSourcesBuildPhase section */

/* Begin PBXTargetDependency section */
		174CE36B210EA52D008D7591 /* PBXTargetDependency */ = {
			isa = PBXTargetDependency;
			target = 174CE354210EA52C008D7591 /* ClickCounter */;
			targetProxy = 174CE36A210EA52D008D7591 /* PBXContainerItemProxy */;
		};
/* End PBXTargetDependency section */

/* Begin PBXVariantGroup section */
		174CE35C210EA52C008D7591 /* Main.storyboard */ = {
			isa = PBXVariantGroup;
			children = (
				174CE35D210EA52C008D7591 /* Base */,
			);
			name = Main.storyboard;
			sourceTree = "<group>";
		};
		174CE361210EA52D008D7591 /* LaunchScreen.storyboard */ = {
			isa = PBXVariantGroup;
			children = (
				174CE362210EA52D008D7591 /* Base */,
			);
			name = LaunchScreen.storyboard;
			sourceTree = "<group>";
		};
/* End PBXVariantGroup section */

/* Begin XCBuildConfiguration section */
		174CE370210EA52D008D7591 /* Debug */ = {
			isa = XCBuildConfiguration;
			buildSettings = {
				ALWAYS_SEARCH_USER_PATHS = NO;
				CLANG_ANALYZER_NONNULL = YES;
				CLANG_ANALYZER_NUMBER_OBJECT_CONVERSION = YES_AGGRESSIVE;
				CLANG_CXX_LANGUAGE_STANDARD = "gnu++14";
				CLANG_CXX_LIBRARY = "libc++";
				CLANG_ENABLE_MODULES = YES;
				CLANG_ENABLE_OBJC_ARC = YES;
				CLANG_ENABLE_OBJC_WEAK = YES;
				CLANG_WARN_BLOCK_CAPTURE_AUTORELEASING = YES;
				CLANG_WARN_BOOL_CONVERSION = YES;
				CLANG_WARN_COMMA = YES;
				CLANG_WARN_CONSTANT_CONVERSION = YES;
				CLANG_WARN_DEPRECATED_OBJC_IMPLEMENTATIONS = YES;
				CLANG_WARN_DIRECT_OBJC_ISA_USAGE = YES_ERROR;
				CLANG_WARN_DOCUMENTATION_COMMENTS = YES;
				CLANG_WARN_EMPTY_BODY = YES;
				CLANG_WARN_ENUM_CONVERSION = YES;
				CLANG_WARN_INFINITE_RECURSION = YES;
				CLANG_WARN_INT_CONVERSION = YES;
				CLANG_WARN_NON_LITERAL_NULL_CONVERSION = YES;
				CLANG_WARN_OBJC_IMPLICIT_RETAIN_SELF = YES;
				CLANG_WARN_OBJC_LITERAL_CONVERSION = YES;
				CLANG_WARN_OBJC_ROOT_CLASS = YES_ERROR;
				CLANG_WARN_RANGE_LOOP_ANALYSIS = YES;
				CLANG_WARN_STRICT_PROTOTYPES = YES;
				CLANG_WARN_SUSPICIOUS_MOVE = YES;
				CLANG_WARN_UNGUARDED_AVAILABILITY = YES_AGGRESSIVE;
				CLANG_WARN_UNREACHABLE_CODE = YES;
				CLANG_WARN__DUPLICATE_METHOD_MATCH = YES;
				CODE_SIGN_IDENTITY = "iPhone Developer";
				COPY_PHASE_STRIP = NO;
				DEBUG_INFORMATION_FORMAT = dwarf;
				ENABLE_STRICT_OBJC_MSGSEND = YES;
				ENABLE_TESTABILITY = YES;
				GCC_C_LANGUAGE_STANDARD = gnu11;
				GCC_DYNAMIC_NO_PIC = NO;
				GCC_NO_COMMON_BLOCKS = YES;
				GCC_OPTIMIZATION_LEVEL = 0;
				GCC_PREPROCESSOR_DEFINITIONS = (
					"DEBUG=1",
					"$(inherited)",
				);
				GCC_WARN_64_TO_32_BIT_CONVERSION = YES;
				GCC_WARN_ABOUT_RETURN_TYPE = YES_ERROR;
				GCC_WARN_UNDECLARED_SELECTOR = YES;
				GCC_WARN_UNINITIALIZED_AUTOS = YES_AGGRESSIVE;
				GCC_WARN_UNUSED_FUNCTION = YES;
				GCC_WARN_UNUSED_VARIABLE = YES;
				IPHONEOS_DEPLOYMENT_TARGET = 11.4;
				MTL_ENABLE_DEBUG_INFO = YES;
				ONLY_ACTIVE_ARCH = YES;
				SDKROOT = iphoneos;
				SWIFT_ACTIVE_COMPILATION_CONDITIONS = DEBUG;
				SWIFT_OPTIMIZATION_LEVEL = "-Onone";
			};
			name = Debug;
		};
		174CE371210EA52D008D7591 /* Release */ = {
			isa = XCBuildConfiguration;
			buildSettings = {
				ALWAYS_SEARCH_USER_PATHS = NO;
				CLANG_ANALYZER_NONNULL = YES;
				CLANG_ANALYZER_NUMBER_OBJECT_CONVERSION = YES_AGGRESSIVE;
				CLANG_CXX_LANGUAGE_STANDARD = "gnu++14";
				CLANG_CXX_LIBRARY = "libc++";
				CLANG_ENABLE_MODULES = YES;
				CLANG_ENABLE_OBJC_ARC = YES;
				CLANG_ENABLE_OBJC_WEAK = YES;
				CLANG_WARN_BLOCK_CAPTURE_AUTORELEASING = YES;
				CLANG_WARN_BOOL_CONVERSION = YES;
				CLANG_WARN_COMMA = YES;
				CLANG_WARN_CONSTANT_CONVERSION = YES;
				CLANG_WARN_DEPRECATED_OBJC_IMPLEMENTATIONS = YES;
				CLANG_WARN_DIRECT_OBJC_ISA_USAGE = YES_ERROR;
				CLANG_WARN_DOCUMENTATION_COMMENTS = YES;
				CLANG_WARN_EMPTY_BODY = YES;
				CLANG_WARN_ENUM_CONVERSION = YES;
				CLANG_WARN_INFINITE_RECURSION = YES;
				CLANG_WARN_INT_CONVERSION = YES;
				CLANG_WARN_NON_LITERAL_NULL_CONVERSION = YES;
				CLANG_WARN_OBJC_IMPLICIT_RETAIN_SELF = YES;
				CLANG_WARN_OBJC_LITERAL_CONVERSION = YES;
				CLANG_WARN_OBJC_ROOT_CLASS = YES_ERROR;
				CLANG_WARN_RANGE_LOOP_ANALYSIS = YES;
				CLANG_WARN_STRICT_PROTOTYPES = YES;
				CLANG_WARN_SUSPICIOUS_MOVE = YES;
				CLANG_WARN_UNGUARDED_AVAILABILITY = YES_AGGRESSIVE;
				CLANG_WARN_UNREACHABLE_CODE = YES;
				CLANG_WARN__DUPLICATE_METHOD_MATCH = YES;
				CODE_SIGN_IDENTITY = "iPhone Developer";
				COPY_PHASE_STRIP = NO;
				DEBUG_INFORMATION_FORMAT = "dwarf-with-dsym";
				ENABLE_NS_ASSERTIONS = NO;
				ENABLE_STRICT_OBJC_MSGSEND = YES;
				GCC_C_LANGUAGE_STANDARD = gnu11;
				GCC_NO_COMMON_BLOCKS = YES;
				GCC_WARN_64_TO_32_BIT_CONVERSION = YES;
				GCC_WARN_ABOUT_RETURN_TYPE = YES_ERROR;
				GCC_WARN_UNDECLARED_SELECTOR = YES;
				GCC_WARN_UNINITIALIZED_AUTOS = YES_AGGRESSIVE;
				GCC_WARN_UNUSED_FUNCTION = YES;
				GCC_WARN_UNUSED_VARIABLE = YES;
				IPHONEOS_DEPLOYMENT_TARGET = 11.4;
				MTL_ENABLE_DEBUG_INFO = NO;
				SDKROOT = iphoneos;
				SWIFT_COMPILATION_MODE = wholemodule;
				SWIFT_OPTIMIZATION_LEVEL = "-O";
				VALIDATE_PRODUCT = YES;
			};
			name = Release;
		};
		174CE373210EA52D008D7591 /* Debug */ = {
			isa = XCBuildConfiguration;
			buildSettings = {
				ASSETCATALOG_COMPILER_APPICON_NAME = AppIcon;
				CODE_SIGN_STYLE = Automatic;
				DEVELOPMENT_TEAM = 2RX6775RAB;
				INFOPLIST_FILE = ClickCounter/Info.plist;
				LD_RUNPATH_SEARCH_PATHS = (
					"$(inherited)",
					"@executable_path/Frameworks",
				);
				PRODUCT_BUNDLE_IDENTIFIER = com.duk.lab.ClickCounter;
				PRODUCT_NAME = "$(TARGET_NAME)";
				SWIFT_VERSION = 4.0;
				TARGETED_DEVICE_FAMILY = "1,2";
			};
			name = Debug;
		};
		174CE374210EA52D008D7591 /* Release */ = {
			isa = XCBuildConfiguration;
			buildSettings = {
				ASSETCATALOG_COMPILER_APPICON_NAME = AppIcon;
				CODE_SIGN_STYLE = Automatic;
				DEVELOPMENT_TEAM = 2RX6775RAB;
				INFOPLIST_FILE = ClickCounter/Info.plist;
				LD_RUNPATH_SEARCH_PATHS = (
					"$(inherited)",
					"@executable_path/Frameworks",
				);
				PRODUCT_BUNDLE_IDENTIFIER = com.duk.lab.ClickCounter;
				PRODUCT_NAME = "$(TARGET_NAME)";
				SWIFT_VERSION = 4.0;
				TARGETED_DEVICE_FAMILY = "1,2";
			};
			name = Release;
		};
		174CE376210EA52D008D7591 /* Debug */ = {
			isa = XCBuildConfiguration;
			buildSettings = {
				ALWAYS_EMBED_SWIFT_STANDARD_LIBRARIES = YES;
				BUNDLE_LOADER = "$(TEST_HOST)";
				CODE_SIGN_STYLE = Automatic;
				DEVELOPMENT_TEAM = 2RX6775RAB;
				INFOPLIST_FILE = ClickCounterTests/Info.plist;
				LD_RUNPATH_SEARCH_PATHS = (
					"$(inherited)",
					"@executable_path/Frameworks",
					"@loader_path/Frameworks",
				);
				PRODUCT_BUNDLE_IDENTIFIER = com.duk.lab.ClickCounterTests;
				PRODUCT_NAME = "$(TARGET_NAME)";
				SWIFT_VERSION = 4.0;
				TARGETED_DEVICE_FAMILY = "1,2";
				TEST_HOST = "$(BUILT_PRODUCTS_DIR)/ClickCounter.app/ClickCounter";
			};
			name = Debug;
		};
		174CE377210EA52D008D7591 /* Release */ = {
			isa = XCBuildConfiguration;
			buildSettings = {
				ALWAYS_EMBED_SWIFT_STANDARD_LIBRARIES = YES;
				BUNDLE_LOADER = "$(TEST_HOST)";
				CODE_SIGN_STYLE = Automatic;
				DEVELOPMENT_TEAM = 2RX6775RAB;
				INFOPLIST_FILE = ClickCounterTests/Info.plist;
				LD_RUNPATH_SEARCH_PATHS = (
					"$(inherited)",
					"@executable_path/Frameworks",
					"@loader_path/Frameworks",
				);
				PRODUCT_BUNDLE_IDENTIFIER = com.duk.lab.ClickCounterTests;
				PRODUCT_NAME = "$(TARGET_NAME)";
				SWIFT_VERSION = 4.0;
				TARGETED_DEVICE_FAMILY = "1,2";
				TEST_HOST = "$(BUILT_PRODUCTS_DIR)/ClickCounter.app/ClickCounter";
			};
			name = Release;
		};
/* End XCBuildConfiguration section */

/* Begin XCConfigurationList section */
		174CE350210EA52C008D7591 /* Build configuration list for PBXProject "ClickCounter" */ = {
			isa = XCConfigurationList;
			buildConfigurations = (
				174CE370210EA52D008D7591 /* Debug */,
				174CE371210EA52D008D7591 /* Release */,
			);
			defaultConfigurationIsVisible = 0;
			defaultConfigurationName = Release;
		};
		174CE372210EA52D008D7591 /* Build configuration list for PBXNativeTarget "ClickCounter" */ = {
			isa = XCConfigurationList;
			buildConfigurations = (
				174CE373210EA52D008D7591 /* Debug */,
				174CE374210EA52D008D7591 /* Release */,
			);
			defaultConfigurationIsVisible = 0;
			defaultConfigurationName = Release;
		};
		174CE375210EA52D008D7591 /* Build configuration list for PBXNativeTarget "ClickCounterTests" */ = {
			isa = XCConfigurationList;
			buildConfigurations = (
				174CE376210EA52D008D7591 /* Debug */,
				174CE377210EA52D008D7591 /* Release */,
			);
			defaultConfigurationIsVisible = 0;
			defaultConfigurationName = Release;
		};
/* End XCConfigurationList section */
	};
	rootObject = 174CE34D210EA52C008D7591 /* Project object */;
}
